
Microsoft Visual Studio Solution File, Format Version 12.00
# Visual Studio Version 16
VisualStudioVersion = 16.0.30804.86
MinimumVisualStudioVersion = 10.0.40219.1
Project("{FAE04EC0-301F-11D3-BF4B-00C04F79EFBC}") = "Metotlar", "Metotlar\Metotlar.csproj", "{6BE2DCEC-6990-4F56-B1A9-5B5D76D3A302}"
EndProject
Project("{FAE04EC0-301F-11D3-BF4B-00C04F79EFBC}") = "Matematik", "Matematik\Matematik.csproj", "{B49E5A6D-2F50-4F0A-9D4A-67F614A1645A}"
EndProject
Project("{FAE04EC0-301F-11D3-BF4B-00C04F79EFBC}") = "DegerVeReferansTipler", "DegerVeReferansTipler\DegerVeReferansTipler.csproj", "{4C718FDF-666C-4FDC-AD90-EACD95DC3ABB}"
EndProject
Global
	GlobalSection(SolutionConfigurationPlatforms) = preSolution
		Debug|Any CPU = Debug|Any CPU
		Release|Any CPU = Release|Any CPU
	EndGlobalSection
	GlobalSection(ProjectConfigurationPlatforms) = postSolution
		{6BE2DCEC-6990-4F56-B1A9-5B5D76D3A302}.Debug|Any CPU.ActiveCfg = Debug|Any CPU
		{6BE2DCEC-6990-4F56-B1A9-5B5D76D3A302}.Debug|Any CPU.Build.0 = Debug|Any CPU
		{6BE2DCEC-6990-4F56-B1A9-5B5D76D3A302}.Release|Any CPU.ActiveCfg = Release|Any CPU
		{6BE2DCEC-6990-4F56-B1A9-5B5D76D3A302}.Release|Any CPU.Build.0 = Release|Any CPU
		{B49E5A6D-2F50-4F0A-9D4A-67F614A1645A}.Debug|Any CPU.ActiveCfg = Debug|Any CPU
		{B49E5A6D-2F50-4F0A-9D4A-67F614A1645A}.Debug|Any CPU.Build.0 = Debug|Any CPU
		{B49E5A6D-2F50-4F0A-9D4A-67F614A1645A}.Release|Any CPU.ActiveCfg = Release|Any CPU
		{B49E5A6D-2F50-4F0A-9D4A-67F614A1645A}.Release|Any CPU.Build.0 = Release|Any CPU
		{4C718FDF-666C-4FDC-AD90-EACD95DC3ABB}.Debug|Any CPU.ActiveCfg = Debug|Any CPU
		{4C718FDF-666C-4FDC-AD90-EACD95DC3ABB}.Debug|Any CPU.Build.0 = Debug|Any CPU
		{4C718FDF-666C-4FDC-AD90-EACD95DC3ABB}.Release|Any CPU.ActiveCfg = Release|Any CPU
		{4C718FDF-666C-4FDC-AD90-EACD95DC3ABB}.Release|Any CPU.Build.0 = Release|Any CPU
	EndGlobalSection
	GlobalSection(SolutionProperties) = preSolution
		HideSolutionNode = FALSE
	EndGlobalSection
	GlobalSection(ExtensibilityGlobals) = postSolution
		SolutionGuid = {12D4A7AD-4006-4E6D-A91A-619F1891DF0E}
	EndGlobalSection
EndGlobal
